// !$*UTF8*$!
{
	archiveVersion = 1;
	classes = {
	};
	objectVersion = 46;
	objects = {
/* Begin PBXBuildFile section */
		00E356F31AD99517003FC87E /* TadamTests.m in Sources */ = {isa = PBXBuildFile; fileRef = 00E356F21AD99517003FC87E /* TadamTests.m */; };
		057E9B21EA69B64E62250CAE /* libPods-Tadam.a in Frameworks */ = {isa = PBXBuildFile; fileRef = 1B0BD00B02E681FFE956D435 /* libPods-Tadam.a */; };
		13B07FBC1A68108700A75B9A /* AppDelegate.m in Sources */ = {isa = PBXBuildFile; fileRef = 13B07FB01A68108700A75B9A /* AppDelegate.m */; };
		13B07FBD1A68108700A75B9A /* LaunchScreen.xib in Resources */ = {isa = PBXBuildFile; fileRef = 13B07FB11A68108700A75B9A /* LaunchScreen.xib */; };
		13B07FBF1A68108700A75B9A /* Images.xcassets in Resources */ = {isa = PBXBuildFile; fileRef = 13B07FB51A68108700A75B9A /* Images.xcassets */; };
		13B07FC11A68108700A75B9A /* main.m in Sources */ = {isa = PBXBuildFile; fileRef = 13B07FB71A68108700A75B9A /* main.m */; };
		2C731A59237C6AD200F3065E /* BaiJamjuree-Bold.ttf in Resources */ = {isa = PBXBuildFile; fileRef = 16A9848ACD4C43CAB2573F62 /* BaiJamjuree-Bold.ttf */; };
		2C731A5A237C6AD200F3065E /* BaiJamjuree-BoldItalic.ttf in Resources */ = {isa = PBXBuildFile; fileRef = 4E0942F015464DC7B0A2DD59 /* BaiJamjuree-BoldItalic.ttf */; };
		2C731A5B237C6AD200F3065E /* BaiJamjuree-ExtraLight.ttf in Resources */ = {isa = PBXBuildFile; fileRef = F42D78F33F0C465B8CAE1ABC /* BaiJamjuree-ExtraLight.ttf */; };
		2C731A5C237C6AD200F3065E /* BaiJamjuree-ExtraLightItalic.ttf in Resources */ = {isa = PBXBuildFile; fileRef = 094E054A461D47FE901FEC82 /* BaiJamjuree-ExtraLightItalic.ttf */; };
		2C731A5D237C6AD200F3065E /* BaiJamjuree-Italic.ttf in Resources */ = {isa = PBXBuildFile; fileRef = 0AA8CE09E93041F696C48561 /* BaiJamjuree-Italic.ttf */; };
		2C731A5E237C6AD200F3065E /* BaiJamjuree-Light.ttf in Resources */ = {isa = PBXBuildFile; fileRef = 8F5C0C752A18443AB6548C45 /* BaiJamjuree-Light.ttf */; };
		2C731A5F237C6AD200F3065E /* BaiJamjuree-LightItalic.ttf in Resources */ = {isa = PBXBuildFile; fileRef = D8D3A60183EA438D86497C10 /* BaiJamjuree-LightItalic.ttf */; };
		2C731A60237C6AD200F3065E /* BaiJamjuree-Medium.ttf in Resources */ = {isa = PBXBuildFile; fileRef = 1CCEC783958F40B0A0F88E58 /* BaiJamjuree-Medium.ttf */; };
		2C731A61237C6AD200F3065E /* BaiJamjuree-MediumItalic.ttf in Resources */ = {isa = PBXBuildFile; fileRef = FCA7CF3CA7874493A9A2CF07 /* BaiJamjuree-MediumItalic.ttf */; };
		2C731A62237C6AD200F3065E /* BaiJamjuree-Regular.ttf in Resources */ = {isa = PBXBuildFile; fileRef = 2614E934CCD242F7A675BFDC /* BaiJamjuree-Regular.ttf */; };
		2C731A63237C6AD200F3065E /* BaiJamjuree-SemiBold.ttf in Resources */ = {isa = PBXBuildFile; fileRef = 1920CF7741C043BCACA2ACA0 /* BaiJamjuree-SemiBold.ttf */; };
		2C731A64237C6AD200F3065E /* BaiJamjuree-SemiBoldItalic.ttf in Resources */ = {isa = PBXBuildFile; fileRef = DF8B5A9CA22447D1B7AE29FD /* BaiJamjuree-SemiBoldItalic.ttf */; };
		2CFDE6022373446300503D2C /* GoogleService-Info.plist in Resources */ = {isa = PBXBuildFile; fileRef = 2CFDE6012373446300503D2C /* GoogleService-Info.plist */; };
		2CFDE60523734B1300503D2C /* Config.xcconfig in Resources */ = {isa = PBXBuildFile; fileRef = 2CFDE60423734B1300503D2C /* Config.xcconfig */; };
		2CFDE60623734B1300503D2C /* Config.xcconfig in Resources */ = {isa = PBXBuildFile; fileRef = 2CFDE60423734B1300503D2C /* Config.xcconfig */; };
		2D02E4BC1E0B4A80006451C7 /* AppDelegate.m in Sources */ = {isa = PBXBuildFile; fileRef = 13B07FB01A68108700A75B9A /* AppDelegate.m */; };
		2D02E4BD1E0B4A84006451C7 /* Images.xcassets in Resources */ = {isa = PBXBuildFile; fileRef = 13B07FB51A68108700A75B9A /* Images.xcassets */; };
		2D02E4BF1E0B4AB3006451C7 /* main.m in Sources */ = {isa = PBXBuildFile; fileRef = 13B07FB71A68108700A75B9A /* main.m */; };
		2DCD954D1E0B4F2C00145EB5 /* TadamTests.m in Sources */ = {isa = PBXBuildFile; fileRef = 00E356F21AD99517003FC87E /* TadamTests.m */; };
		2EDBA5364F282DFB37A00F87 /* libPods-TadamTests.a in Frameworks */ = {isa = PBXBuildFile; fileRef = FC39F849DF451342528446F2 /* libPods-TadamTests.a */; };
		8A65DAB854A8055F3465EE82 /* libPods-Tadam-tvOSTests.a in Frameworks */ = {isa = PBXBuildFile; fileRef = 67AA8B33A9413D25E096A6B4 /* libPods-Tadam-tvOSTests.a */; };
		C66876B6E40913CBCD1050AC /* libPods-Tadam-tvOS.a in Frameworks */ = {isa = PBXBuildFile; fileRef = 104FABCA53A437D6F2D8E591 /* libPods-Tadam-tvOS.a */; };
		BF64BA7A4F954839B9C8120F /* SofiaProSemiBold.ttf in Resources */ = {isa = PBXBuildFile; fileRef = 27044B7DB8F14F4D903ECEC7 /* SofiaProSemiBold.ttf */; };
		F6D9B94AB06B4AB4BD66BDEA /* AvenirNext-Bold.ttf in Resources */ = {isa = PBXBuildFile; fileRef = FF7B50A42601486D92F44750 /* AvenirNext-Bold.ttf */; };
		670FE80DB8FD4C228C4E6029 /* AvenirNext-BoldItalic.ttf in Resources */ = {isa = PBXBuildFile; fileRef = 8B238D9F844E4C6995B6F5E1 /* AvenirNext-BoldItalic.ttf */; };
		6595852BF87B4EFB9BE670A9 /* AvenirNext-DemiBold.ttf in Resources */ = {isa = PBXBuildFile; fileRef = A66D44847BE647108A30196B /* AvenirNext-DemiBold.ttf */; };
		275511A49B504081AA906E39 /* AvenirNext-DemiBoldItalic.ttf in Resources */ = {isa = PBXBuildFile; fileRef = 947634B216C940798962CA23 /* AvenirNext-DemiBoldItalic.ttf */; };
		1ABF65E2ADFC4BDE9AE8346C /* AvenirNext-Heavy.ttf in Resources */ = {isa = PBXBuildFile; fileRef = DEC02674D69F47A6AAEC4A80 /* AvenirNext-Heavy.ttf */; };
		3A563DE4D44C4F8D8B66C7E8 /* AvenirNext-HeavyItalic.ttf in Resources */ = {isa = PBXBuildFile; fileRef = A4A5935C4A3B47B4B0531E85 /* AvenirNext-HeavyItalic.ttf */; };
		7758A4D52CD1484DAE476DAB /* AvenirNext-Italic.ttf in Resources */ = {isa = PBXBuildFile; fileRef = FD6EAB789DD94E44AE33AB6A /* AvenirNext-Italic.ttf */; };
		DB2FF72C29E84796819EF929 /* AvenirNext-Medium.ttf in Resources */ = {isa = PBXBuildFile; fileRef = 576F260C1154451ABCE16980 /* AvenirNext-Medium.ttf */; };
		A81E1CD91C964C68AA5206B3 /* AvenirNext-MediumItalic.ttf in Resources */ = {isa = PBXBuildFile; fileRef = 325D2D2876BE4EE38AC1EFD9 /* AvenirNext-MediumItalic.ttf */; };
		37984EAC52A343149498BAB0 /* AvenirNext-Regular.ttf in Resources */ = {isa = PBXBuildFile; fileRef = F1894C0710644CF4BA8D6574 /* AvenirNext-Regular.ttf */; };
		A69B7257EECE4AF28D823942 /* AvenirNext-UltraLight.ttf in Resources */ = {isa = PBXBuildFile; fileRef = C241DCD217534BA5B1E3B4A9 /* AvenirNext-UltraLight.ttf */; };
		F8DF886D9AA044E09E9DB642 /* AvenirNext-UltraLightItalic.ttf in Resources */ = {isa = PBXBuildFile; fileRef = CA95BAD81F204EF5A43F5990 /* AvenirNext-UltraLightItalic.ttf */; };
/* End PBXBuildFile section */

/* Begin PBXContainerItemProxy section */
		00E356F41AD99517003FC87E /* PBXContainerItemProxy */ = {
			isa = PBXContainerItemProxy;
			containerPortal = 83CBB9F71A601CBA00E9B192 /* Project object */;
			proxyType = 1;
			remoteGlobalIDString = 13B07F861A680F5B00A75B9A;
			remoteInfo = Tadam;
		};
		2D02E4911E0B4A5D006451C7 /* PBXContainerItemProxy */ = {
			isa = PBXContainerItemProxy;
			containerPortal = 83CBB9F71A601CBA00E9B192 /* Project object */;
			proxyType = 1;
			remoteGlobalIDString = 2D02E47A1E0B4A5D006451C7;
			remoteInfo = "Tadam-tvOS";
		};
/* End PBXContainerItemProxy section */

/* Begin PBXFileReference section */
		008F07F21AC5B25A0029DE68 /* main.jsbundle */ = {isa = PBXFileReference; fileEncoding = 4; lastKnownFileType = text; path = main.jsbundle; sourceTree = "<group>"; };
		00E356EE1AD99517003FC87E /* TadamTests.xctest */ = {isa = PBXFileReference; explicitFileType = wrapper.cfbundle; includeInIndex = 0; path = TadamTests.xctest; sourceTree = BUILT_PRODUCTS_DIR; };
		00E356F11AD99517003FC87E /* Info.plist */ = {isa = PBXFileReference; lastKnownFileType = text.plist.xml; path = Info.plist; sourceTree = "<group>"; };
		00E356F21AD99517003FC87E /* TadamTests.m */ = {isa = PBXFileReference; lastKnownFileType = sourcecode.c.objc; path = TadamTests.m; sourceTree = "<group>"; };
		035E841CA1A54BB4985AD073 /* Zocial.ttf */ = {isa = PBXFileReference; explicitFileType = undefined; fileEncoding = 9; includeInIndex = 0; lastKnownFileType = unknown; name = Zocial.ttf; path = "../node_modules/react-native-vector-icons/Fonts/Zocial.ttf"; sourceTree = "<group>"; };
		08D8AE8CCF7E4A0898001EFD /* MaterialIcons.ttf */ = {isa = PBXFileReference; explicitFileType = undefined; fileEncoding = 9; includeInIndex = 0; lastKnownFileType = unknown; name = MaterialIcons.ttf; path = "../node_modules/react-native-vector-icons/Fonts/MaterialIcons.ttf"; sourceTree = "<group>"; };
		094E054A461D47FE901FEC82 /* BaiJamjuree-ExtraLightItalic.ttf */ = {isa = PBXFileReference; explicitFileType = undefined; fileEncoding = 9; includeInIndex = 0; lastKnownFileType = unknown; name = "BaiJamjuree-ExtraLightItalic.ttf"; path = "../js/assets/fonts/BaiJamjuree-ExtraLightItalic.ttf"; sourceTree = "<group>"; };
		0AA8CE09E93041F696C48561 /* BaiJamjuree-Italic.ttf */ = {isa = PBXFileReference; explicitFileType = undefined; fileEncoding = 9; includeInIndex = 0; lastKnownFileType = unknown; name = "BaiJamjuree-Italic.ttf"; path = "../js/assets/fonts/BaiJamjuree-Italic.ttf"; sourceTree = "<group>"; };
		0CD21C3402E55E1017ABC1C6 /* Pods-TadamTests.release.xcconfig */ = {isa = PBXFileReference; includeInIndex = 1; lastKnownFileType = text.xcconfig; name = "Pods-TadamTests.release.xcconfig"; path = "Target Support Files/Pods-TadamTests/Pods-TadamTests.release.xcconfig"; sourceTree = "<group>"; };
		104FABCA53A437D6F2D8E591 /* libPods-Tadam-tvOS.a */ = {isa = PBXFileReference; explicitFileType = archive.ar; includeInIndex = 0; path = "libPods-Tadam-tvOS.a"; sourceTree = BUILT_PRODUCTS_DIR; };
		13B07F961A680F5B00A75B9A /* Tadam.app */ = {isa = PBXFileReference; explicitFileType = wrapper.application; includeInIndex = 0; path = Tadam.app; sourceTree = BUILT_PRODUCTS_DIR; };
		13B07FAF1A68108700A75B9A /* AppDelegate.h */ = {isa = PBXFileReference; fileEncoding = 4; lastKnownFileType = sourcecode.c.h; name = AppDelegate.h; path = Tadam/AppDelegate.h; sourceTree = "<group>"; };
		13B07FB01A68108700A75B9A /* AppDelegate.m */ = {isa = PBXFileReference; fileEncoding = 4; lastKnownFileType = sourcecode.c.objc; name = AppDelegate.m; path = Tadam/AppDelegate.m; sourceTree = "<group>"; };
		13B07FB21A68108700A75B9A /* Base */ = {isa = PBXFileReference; lastKnownFileType = file.xib; name = Base; path = Base.lproj/LaunchScreen.xib; sourceTree = "<group>"; };
		13B07FB51A68108700A75B9A /* Images.xcassets */ = {isa = PBXFileReference; lastKnownFileType = folder.assetcatalog; name = Images.xcassets; path = Tadam/Images.xcassets; sourceTree = "<group>"; };
		13B07FB61A68108700A75B9A /* Info.plist */ = {isa = PBXFileReference; fileEncoding = 4; lastKnownFileType = text.plist.xml; name = Info.plist; path = Tadam/Info.plist; sourceTree = "<group>"; };
		13B07FB71A68108700A75B9A /* main.m */ = {isa = PBXFileReference; fileEncoding = 4; lastKnownFileType = sourcecode.c.objc; name = main.m; path = Tadam/main.m; sourceTree = "<group>"; };
		16A9848ACD4C43CAB2573F62 /* BaiJamjuree-Bold.ttf */ = {isa = PBXFileReference; explicitFileType = undefined; fileEncoding = 9; includeInIndex = 0; lastKnownFileType = unknown; name = "BaiJamjuree-Bold.ttf"; path = "../js/assets/fonts/BaiJamjuree-Bold.ttf"; sourceTree = "<group>"; };
		1920CF7741C043BCACA2ACA0 /* BaiJamjuree-SemiBold.ttf */ = {isa = PBXFileReference; explicitFileType = undefined; fileEncoding = 9; includeInIndex = 0; lastKnownFileType = unknown; name = "BaiJamjuree-SemiBold.ttf"; path = "../js/assets/fonts/BaiJamjuree-SemiBold.ttf"; sourceTree = "<group>"; };
		1B0BD00B02E681FFE956D435 /* libPods-Tadam.a */ = {isa = PBXFileReference; explicitFileType = archive.ar; includeInIndex = 0; path = "libPods-Tadam.a"; sourceTree = BUILT_PRODUCTS_DIR; };
		1C05439C8E9442AFA98BB3C4 /* FontAwesome5_Solid.ttf */ = {isa = PBXFileReference; explicitFileType = undefined; fileEncoding = 9; includeInIndex = 0; lastKnownFileType = unknown; name = FontAwesome5_Solid.ttf; path = "../node_modules/react-native-vector-icons/Fonts/FontAwesome5_Solid.ttf"; sourceTree = "<group>"; };
		1CCEC783958F40B0A0F88E58 /* BaiJamjuree-Medium.ttf */ = {isa = PBXFileReference; explicitFileType = undefined; fileEncoding = 9; includeInIndex = 0; lastKnownFileType = unknown; name = "BaiJamjuree-Medium.ttf"; path = "../js/assets/fonts/BaiJamjuree-Medium.ttf"; sourceTree = "<group>"; };
		2248390C891941C7A48AACB6 /* Ionicons.ttf */ = {isa = PBXFileReference; explicitFileType = undefined; fileEncoding = 9; includeInIndex = 0; lastKnownFileType = unknown; name = Ionicons.ttf; path = "../node_modules/react-native-vector-icons/Fonts/Ionicons.ttf"; sourceTree = "<group>"; };
		24602DBCFA8943F49104D1D9 /* AntDesign.ttf */ = {isa = PBXFileReference; explicitFileType = undefined; fileEncoding = 9; includeInIndex = 0; lastKnownFileType = unknown; name = AntDesign.ttf; path = "../node_modules/react-native-vector-icons/Fonts/AntDesign.ttf"; sourceTree = "<group>"; };
		25B34212261D49F2A2BA7C90 /* Octicons.ttf */ = {isa = PBXFileReference; explicitFileType = undefined; fileEncoding = 9; includeInIndex = 0; lastKnownFileType = unknown; name = Octicons.ttf; path = "../node_modules/react-native-vector-icons/Fonts/Octicons.ttf"; sourceTree = "<group>"; };
		2614E934CCD242F7A675BFDC /* BaiJamjuree-Regular.ttf */ = {isa = PBXFileReference; explicitFileType = undefined; fileEncoding = 9; includeInIndex = 0; lastKnownFileType = unknown; name = "BaiJamjuree-Regular.ttf"; path = "../js/assets/fonts/BaiJamjuree-Regular.ttf"; sourceTree = "<group>"; };
		2CFDE6012373446300503D2C /* GoogleService-Info.plist */ = {isa = PBXFileReference; fileEncoding = 4; lastKnownFileType = text.plist.xml; name = "GoogleService-Info.plist"; path = "Tadam/GoogleService-Info.plist"; sourceTree = "<group>"; };
		2CFDE60423734B1300503D2C /* Config.xcconfig */ = {isa = PBXFileReference; lastKnownFileType = text.xcconfig; path = Config.xcconfig; sourceTree = "<group>"; };
		2D02E47B1E0B4A5D006451C7 /* Tadam-tvOS.app */ = {isa = PBXFileReference; explicitFileType = wrapper.application; includeInIndex = 0; path = "Tadam-tvOS.app"; sourceTree = BUILT_PRODUCTS_DIR; };
		2D02E4901E0B4A5D006451C7 /* Tadam-tvOSTests.xctest */ = {isa = PBXFileReference; explicitFileType = wrapper.cfbundle; includeInIndex = 0; path = "Tadam-tvOSTests.xctest"; sourceTree = BUILT_PRODUCTS_DIR; };
		2E0B5DF7E3F443578BC9521A /* Fontisto.ttf */ = {isa = PBXFileReference; explicitFileType = undefined; fileEncoding = 9; includeInIndex = 0; lastKnownFileType = unknown; name = Fontisto.ttf; path = "../node_modules/react-native-vector-icons/Fonts/Fontisto.ttf"; sourceTree = "<group>"; };
		377AE8F42C3641F1AC47159F /* SimpleLineIcons.ttf */ = {isa = PBXFileReference; explicitFileType = undefined; fileEncoding = 9; includeInIndex = 0; lastKnownFileType = unknown; name = SimpleLineIcons.ttf; path = "../node_modules/react-native-vector-icons/Fonts/SimpleLineIcons.ttf"; sourceTree = "<group>"; };
		422F44F2E984FA7A63998BA8 /* Pods-Tadam-tvOSTests.debug.xcconfig */ = {isa = PBXFileReference; includeInIndex = 1; lastKnownFileType = text.xcconfig; name = "Pods-Tadam-tvOSTests.debug.xcconfig"; path = "Target Support Files/Pods-Tadam-tvOSTests/Pods-Tadam-tvOSTests.debug.xcconfig"; sourceTree = "<group>"; };
		46A437D02695498CAA47767D /* EvilIcons.ttf */ = {isa = PBXFileReference; explicitFileType = undefined; fileEncoding = 9; includeInIndex = 0; lastKnownFileType = unknown; name = EvilIcons.ttf; path = "../node_modules/react-native-vector-icons/Fonts/EvilIcons.ttf"; sourceTree = "<group>"; };
		4E0942F015464DC7B0A2DD59 /* BaiJamjuree-BoldItalic.ttf */ = {isa = PBXFileReference; explicitFileType = undefined; fileEncoding = 9; includeInIndex = 0; lastKnownFileType = unknown; name = "BaiJamjuree-BoldItalic.ttf"; path = "../js/assets/fonts/BaiJamjuree-BoldItalic.ttf"; sourceTree = "<group>"; };
		5B263CCA366FE06CAF5FC3DD /* Pods-TadamTests.debug.xcconfig */ = {isa = PBXFileReference; includeInIndex = 1; lastKnownFileType = text.xcconfig; name = "Pods-TadamTests.debug.xcconfig"; path = "Target Support Files/Pods-TadamTests/Pods-TadamTests.debug.xcconfig"; sourceTree = "<group>"; };
		5D8497F08D164E5CA0BA64FE /* MaterialCommunityIcons.ttf */ = {isa = PBXFileReference; explicitFileType = undefined; fileEncoding = 9; includeInIndex = 0; lastKnownFileType = unknown; name = MaterialCommunityIcons.ttf; path = "../node_modules/react-native-vector-icons/Fonts/MaterialCommunityIcons.ttf"; sourceTree = "<group>"; };
		67AA8B33A9413D25E096A6B4 /* libPods-Tadam-tvOSTests.a */ = {isa = PBXFileReference; explicitFileType = archive.ar; includeInIndex = 0; path = "libPods-Tadam-tvOSTests.a"; sourceTree = BUILT_PRODUCTS_DIR; };
		6E893819477E73A9FFC5BC37 /* Pods-Tadam.release.xcconfig */ = {isa = PBXFileReference; includeInIndex = 1; lastKnownFileType = text.xcconfig; name = "Pods-Tadam.release.xcconfig"; path = "Target Support Files/Pods-Tadam/Pods-Tadam.release.xcconfig"; sourceTree = "<group>"; };
		6FDEC7BC71AB4AA6994E327C /* FontAwesome5_Brands.ttf */ = {isa = PBXFileReference; explicitFileType = undefined; fileEncoding = 9; includeInIndex = 0; lastKnownFileType = unknown; name = FontAwesome5_Brands.ttf; path = "../node_modules/react-native-vector-icons/Fonts/FontAwesome5_Brands.ttf"; sourceTree = "<group>"; };
		78E16AA35F9D4AF787249AE4 /* FontAwesome5_Regular.ttf */ = {isa = PBXFileReference; explicitFileType = undefined; fileEncoding = 9; includeInIndex = 0; lastKnownFileType = unknown; name = FontAwesome5_Regular.ttf; path = "../node_modules/react-native-vector-icons/Fonts/FontAwesome5_Regular.ttf"; sourceTree = "<group>"; };
		8F5C0C752A18443AB6548C45 /* BaiJamjuree-Light.ttf */ = {isa = PBXFileReference; explicitFileType = undefined; fileEncoding = 9; includeInIndex = 0; lastKnownFileType = unknown; name = "BaiJamjuree-Light.ttf"; path = "../js/assets/fonts/BaiJamjuree-Light.ttf"; sourceTree = "<group>"; };
		96122E86F924437E8AD490E3 /* FontAwesome.ttf */ = {isa = PBXFileReference; explicitFileType = undefined; fileEncoding = 9; includeInIndex = 0; lastKnownFileType = unknown; name = FontAwesome.ttf; path = "../node_modules/react-native-vector-icons/Fonts/FontAwesome.ttf"; sourceTree = "<group>"; };
		996A02B7B71F46909ECCA6B2 /* Foundation.ttf */ = {isa = PBXFileReference; explicitFileType = undefined; fileEncoding = 9; includeInIndex = 0; lastKnownFileType = unknown; name = Foundation.ttf; path = "../node_modules/react-native-vector-icons/Fonts/Foundation.ttf"; sourceTree = "<group>"; };
		9D4AA0313E34FC3AA52FF28A /* Pods-Tadam-tvOSTests.release.xcconfig */ = {isa = PBXFileReference; includeInIndex = 1; lastKnownFileType = text.xcconfig; name = "Pods-Tadam-tvOSTests.release.xcconfig"; path = "Target Support Files/Pods-Tadam-tvOSTests/Pods-Tadam-tvOSTests.release.xcconfig"; sourceTree = "<group>"; };
		A69E57562E9D4BC88FE8D026 /* Entypo.ttf */ = {isa = PBXFileReference; explicitFileType = undefined; fileEncoding = 9; includeInIndex = 0; lastKnownFileType = unknown; name = Entypo.ttf; path = "../node_modules/react-native-vector-icons/Fonts/Entypo.ttf"; sourceTree = "<group>"; };
		AB3856FDA0FDCB1032C5C6CA /* Pods-Tadam-tvOS.release.xcconfig */ = {isa = PBXFileReference; includeInIndex = 1; lastKnownFileType = text.xcconfig; name = "Pods-Tadam-tvOS.release.xcconfig"; path = "Target Support Files/Pods-Tadam-tvOS/Pods-Tadam-tvOS.release.xcconfig"; sourceTree = "<group>"; };
		B406BDE3D8E4C1FF27846692 /* Pods-Tadam-tvOS.debug.xcconfig */ = {isa = PBXFileReference; includeInIndex = 1; lastKnownFileType = text.xcconfig; name = "Pods-Tadam-tvOS.debug.xcconfig"; path = "Target Support Files/Pods-Tadam-tvOS/Pods-Tadam-tvOS.debug.xcconfig"; sourceTree = "<group>"; };
		B449FDC07F074816A93A17A9 /* Feather.ttf */ = {isa = PBXFileReference; explicitFileType = undefined; fileEncoding = 9; includeInIndex = 0; lastKnownFileType = unknown; name = Feather.ttf; path = "../node_modules/react-native-vector-icons/Fonts/Feather.ttf"; sourceTree = "<group>"; };
		D8D3A60183EA438D86497C10 /* BaiJamjuree-LightItalic.ttf */ = {isa = PBXFileReference; explicitFileType = undefined; fileEncoding = 9; includeInIndex = 0; lastKnownFileType = unknown; name = "BaiJamjuree-LightItalic.ttf"; path = "../js/assets/fonts/BaiJamjuree-LightItalic.ttf"; sourceTree = "<group>"; };
		DF8B5A9CA22447D1B7AE29FD /* BaiJamjuree-SemiBoldItalic.ttf */ = {isa = PBXFileReference; explicitFileType = undefined; fileEncoding = 9; includeInIndex = 0; lastKnownFileType = unknown; name = "BaiJamjuree-SemiBoldItalic.ttf"; path = "../js/assets/fonts/BaiJamjuree-SemiBoldItalic.ttf"; sourceTree = "<group>"; };
		ED297162215061F000B7C4FE /* JavaScriptCore.framework */ = {isa = PBXFileReference; lastKnownFileType = wrapper.framework; name = JavaScriptCore.framework; path = System/Library/Frameworks/JavaScriptCore.framework; sourceTree = SDKROOT; };
		ED2971642150620600B7C4FE /* JavaScriptCore.framework */ = {isa = PBXFileReference; lastKnownFileType = wrapper.framework; name = JavaScriptCore.framework; path = Platforms/AppleTVOS.platform/Developer/SDKs/AppleTVOS12.0.sdk/System/Library/Frameworks/JavaScriptCore.framework; sourceTree = DEVELOPER_DIR; };
		F42D78F33F0C465B8CAE1ABC /* BaiJamjuree-ExtraLight.ttf */ = {isa = PBXFileReference; explicitFileType = undefined; fileEncoding = 9; includeInIndex = 0; lastKnownFileType = unknown; name = "BaiJamjuree-ExtraLight.ttf"; path = "../js/assets/fonts/BaiJamjuree-ExtraLight.ttf"; sourceTree = "<group>"; };
		FC39F849DF451342528446F2 /* libPods-TadamTests.a */ = {isa = PBXFileReference; explicitFileType = archive.ar; includeInIndex = 0; path = "libPods-TadamTests.a"; sourceTree = BUILT_PRODUCTS_DIR; };
		FCA7CF3CA7874493A9A2CF07 /* BaiJamjuree-MediumItalic.ttf */ = {isa = PBXFileReference; explicitFileType = undefined; fileEncoding = 9; includeInIndex = 0; lastKnownFileType = unknown; name = "BaiJamjuree-MediumItalic.ttf"; path = "../js/assets/fonts/BaiJamjuree-MediumItalic.ttf"; sourceTree = "<group>"; };
		FCF02B825BC1477AC0CB1AF7 /* Pods-Tadam.debug.xcconfig */ = {isa = PBXFileReference; includeInIndex = 1; lastKnownFileType = text.xcconfig; name = "Pods-Tadam.debug.xcconfig"; path = "Target Support Files/Pods-Tadam/Pods-Tadam.debug.xcconfig"; sourceTree = "<group>"; };
		27044B7DB8F14F4D903ECEC7 /* SofiaProSemiBold.ttf */ = {isa = PBXFileReference; name = "SofiaProSemiBold.ttf"; path = "../js/assets/fonts/SofiaProSemiBold.ttf"; sourceTree = "<group>"; fileEncoding = undefined; lastKnownFileType = unknown; explicitFileType = undefined; includeInIndex = 0; };
		FF7B50A42601486D92F44750 /* AvenirNext-Bold.ttf */ = {isa = PBXFileReference; name = "AvenirNext-Bold.ttf"; path = "../js/assets/fonts/AvenirNext-Bold.ttf"; sourceTree = "<group>"; fileEncoding = undefined; lastKnownFileType = unknown; explicitFileType = undefined; includeInIndex = 0; };
		8B238D9F844E4C6995B6F5E1 /* AvenirNext-BoldItalic.ttf */ = {isa = PBXFileReference; name = "AvenirNext-BoldItalic.ttf"; path = "../js/assets/fonts/AvenirNext-BoldItalic.ttf"; sourceTree = "<group>"; fileEncoding = undefined; lastKnownFileType = unknown; explicitFileType = undefined; includeInIndex = 0; };
		A66D44847BE647108A30196B /* AvenirNext-DemiBold.ttf */ = {isa = PBXFileReference; name = "AvenirNext-DemiBold.ttf"; path = "../js/assets/fonts/AvenirNext-DemiBold.ttf"; sourceTree = "<group>"; fileEncoding = undefined; lastKnownFileType = unknown; explicitFileType = undefined; includeInIndex = 0; };
		947634B216C940798962CA23 /* AvenirNext-DemiBoldItalic.ttf */ = {isa = PBXFileReference; name = "AvenirNext-DemiBoldItalic.ttf"; path = "../js/assets/fonts/AvenirNext-DemiBoldItalic.ttf"; sourceTree = "<group>"; fileEncoding = undefined; lastKnownFileType = unknown; explicitFileType = undefined; includeInIndex = 0; };
		DEC02674D69F47A6AAEC4A80 /* AvenirNext-Heavy.ttf */ = {isa = PBXFileReference; name = "AvenirNext-Heavy.ttf"; path = "../js/assets/fonts/AvenirNext-Heavy.ttf"; sourceTree = "<group>"; fileEncoding = undefined; lastKnownFileType = unknown; explicitFileType = undefined; includeInIndex = 0; };
		A4A5935C4A3B47B4B0531E85 /* AvenirNext-HeavyItalic.ttf */ = {isa = PBXFileReference; name = "AvenirNext-HeavyItalic.ttf"; path = "../js/assets/fonts/AvenirNext-HeavyItalic.ttf"; sourceTree = "<group>"; fileEncoding = undefined; lastKnownFileType = unknown; explicitFileType = undefined; includeInIndex = 0; };
		FD6EAB789DD94E44AE33AB6A /* AvenirNext-Italic.ttf */ = {isa = PBXFileReference; name = "AvenirNext-Italic.ttf"; path = "../js/assets/fonts/AvenirNext-Italic.ttf"; sourceTree = "<group>"; fileEncoding = undefined; lastKnownFileType = unknown; explicitFileType = undefined; includeInIndex = 0; };
		576F260C1154451ABCE16980 /* AvenirNext-Medium.ttf */ = {isa = PBXFileReference; name = "AvenirNext-Medium.ttf"; path = "../js/assets/fonts/AvenirNext-Medium.ttf"; sourceTree = "<group>"; fileEncoding = undefined; lastKnownFileType = unknown; explicitFileType = undefined; includeInIndex = 0; };
		325D2D2876BE4EE38AC1EFD9 /* AvenirNext-MediumItalic.ttf */ = {isa = PBXFileReference; name = "AvenirNext-MediumItalic.ttf"; path = "../js/assets/fonts/AvenirNext-MediumItalic.ttf"; sourceTree = "<group>"; fileEncoding = undefined; lastKnownFileType = unknown; explicitFileType = undefined; includeInIndex = 0; };
		F1894C0710644CF4BA8D6574 /* AvenirNext-Regular.ttf */ = {isa = PBXFileReference; name = "AvenirNext-Regular.ttf"; path = "../js/assets/fonts/AvenirNext-Regular.ttf"; sourceTree = "<group>"; fileEncoding = undefined; lastKnownFileType = unknown; explicitFileType = undefined; includeInIndex = 0; };
		C241DCD217534BA5B1E3B4A9 /* AvenirNext-UltraLight.ttf */ = {isa = PBXFileReference; name = "AvenirNext-UltraLight.ttf"; path = "../js/assets/fonts/AvenirNext-UltraLight.ttf"; sourceTree = "<group>"; fileEncoding = undefined; lastKnownFileType = unknown; explicitFileType = undefined; includeInIndex = 0; };
		CA95BAD81F204EF5A43F5990 /* AvenirNext-UltraLightItalic.ttf */ = {isa = PBXFileReference; name = "AvenirNext-UltraLightItalic.ttf"; path = "../js/assets/fonts/AvenirNext-UltraLightItalic.ttf"; sourceTree = "<group>"; fileEncoding = undefined; lastKnownFileType = unknown; explicitFileType = undefined; includeInIndex = 0; };
/* End PBXFileReference section */

/* Begin PBXFrameworksBuildPhase section */
		00E356EB1AD99517003FC87E /* Frameworks */ = {
			isa = PBXFrameworksBuildPhase;
			buildActionMask = 2147483647;
			files = (
				2EDBA5364F282DFB37A00F87 /* libPods-TadamTests.a in Frameworks */,
			);
			runOnlyForDeploymentPostprocessing = 0;
		};
		13B07F8C1A680F5B00A75B9A /* Frameworks */ = {
			isa = PBXFrameworksBuildPhase;
			buildActionMask = 2147483647;
			files = (
				057E9B21EA69B64E62250CAE /* libPods-Tadam.a in Frameworks */,
			);
			runOnlyForDeploymentPostprocessing = 0;
		};
		2D02E4781E0B4A5D006451C7 /* Frameworks */ = {
			isa = PBXFrameworksBuildPhase;
			buildActionMask = 2147483647;
			files = (
				C66876B6E40913CBCD1050AC /* libPods-Tadam-tvOS.a in Frameworks */,
			);
			runOnlyForDeploymentPostprocessing = 0;
		};
		2D02E48D1E0B4A5D006451C7 /* Frameworks */ = {
			isa = PBXFrameworksBuildPhase;
			buildActionMask = 2147483647;
			files = (
				8A65DAB854A8055F3465EE82 /* libPods-Tadam-tvOSTests.a in Frameworks */,
			);
			runOnlyForDeploymentPostprocessing = 0;
		};
/* End PBXFrameworksBuildPhase section */

/* Begin PBXGroup section */
		00E356EF1AD99517003FC87E /* TadamTests */ = {
			isa = PBXGroup;
			children = (
				00E356F21AD99517003FC87E /* TadamTests.m */,
				00E356F01AD99517003FC87E /* Supporting Files */,
			);
			path = TadamTests;
			sourceTree = "<group>";
		};
		00E356F01AD99517003FC87E /* Supporting Files */ = {
			isa = PBXGroup;
			children = (
				00E356F11AD99517003FC87E /* Info.plist */,
			);
			name = "Supporting Files";
			sourceTree = "<group>";
		};
		13B07FAE1A68108700A75B9A /* Tadam */ = {
			isa = PBXGroup;
			children = (
				2CFDE6012373446300503D2C /* GoogleService-Info.plist */,
				008F07F21AC5B25A0029DE68 /* main.jsbundle */,
				13B07FAF1A68108700A75B9A /* AppDelegate.h */,
				13B07FB01A68108700A75B9A /* AppDelegate.m */,
				13B07FB51A68108700A75B9A /* Images.xcassets */,
				13B07FB61A68108700A75B9A /* Info.plist */,
				13B07FB11A68108700A75B9A /* LaunchScreen.xib */,
				13B07FB71A68108700A75B9A /* main.m */,
			);
			name = Tadam;
			sourceTree = "<group>";
		};
		2D16E6871FA4F8E400B85C8A /* Frameworks */ = {
			isa = PBXGroup;
			children = (
				ED297162215061F000B7C4FE /* JavaScriptCore.framework */,
				ED2971642150620600B7C4FE /* JavaScriptCore.framework */,
				1B0BD00B02E681FFE956D435 /* libPods-Tadam.a */,
				104FABCA53A437D6F2D8E591 /* libPods-Tadam-tvOS.a */,
				67AA8B33A9413D25E096A6B4 /* libPods-Tadam-tvOSTests.a */,
				FC39F849DF451342528446F2 /* libPods-TadamTests.a */,
			);
			name = Frameworks;
			sourceTree = "<group>";
		};
		4EF6D87732D92D29DFF590A8 /* Pods */ = {
			isa = PBXGroup;
			children = (
				FCF02B825BC1477AC0CB1AF7 /* Pods-Tadam.debug.xcconfig */,
				6E893819477E73A9FFC5BC37 /* Pods-Tadam.release.xcconfig */,
				B406BDE3D8E4C1FF27846692 /* Pods-Tadam-tvOS.debug.xcconfig */,
				AB3856FDA0FDCB1032C5C6CA /* Pods-Tadam-tvOS.release.xcconfig */,
				422F44F2E984FA7A63998BA8 /* Pods-Tadam-tvOSTests.debug.xcconfig */,
				9D4AA0313E34FC3AA52FF28A /* Pods-Tadam-tvOSTests.release.xcconfig */,
				5B263CCA366FE06CAF5FC3DD /* Pods-TadamTests.debug.xcconfig */,
				0CD21C3402E55E1017ABC1C6 /* Pods-TadamTests.release.xcconfig */,
			);
			path = Pods;
			sourceTree = "<group>";
		};
		832341AE1AAA6A7D00B99B32 /* Libraries */ = {
			isa = PBXGroup;
			children = (
			);
			name = Libraries;
			sourceTree = "<group>";
		};
		83CBB9F61A601CBA00E9B192 = {
			isa = PBXGroup;
			children = (
				2CFDE60423734B1300503D2C /* Config.xcconfig */,
				13B07FAE1A68108700A75B9A /* Tadam */,
				832341AE1AAA6A7D00B99B32 /* Libraries */,
				00E356EF1AD99517003FC87E /* TadamTests */,
				83CBBA001A601CBA00E9B192 /* Products */,
				2D16E6871FA4F8E400B85C8A /* Frameworks */,
				4EF6D87732D92D29DFF590A8 /* Pods */,
				BF3C79A29235422593451503 /* Resources */,
			);
			indentWidth = 2;
			sourceTree = "<group>";
			tabWidth = 2;
			usesTabs = 0;
		};
		83CBBA001A601CBA00E9B192 /* Products */ = {
			isa = PBXGroup;
			children = (
				13B07F961A680F5B00A75B9A /* Tadam.app */,
				00E356EE1AD99517003FC87E /* TadamTests.xctest */,
				2D02E47B1E0B4A5D006451C7 /* Tadam-tvOS.app */,
				2D02E4901E0B4A5D006451C7 /* Tadam-tvOSTests.xctest */,
			);
			name = Products;
			sourceTree = "<group>";
		};
		BF3C79A29235422593451503 /* Resources */ = {
			isa = PBXGroup;
			children = (
				16A9848ACD4C43CAB2573F62 /* BaiJamjuree-Bold.ttf */,
				4E0942F015464DC7B0A2DD59 /* BaiJamjuree-BoldItalic.ttf */,
				F42D78F33F0C465B8CAE1ABC /* BaiJamjuree-ExtraLight.ttf */,
				094E054A461D47FE901FEC82 /* BaiJamjuree-ExtraLightItalic.ttf */,
				0AA8CE09E93041F696C48561 /* BaiJamjuree-Italic.ttf */,
				8F5C0C752A18443AB6548C45 /* BaiJamjuree-Light.ttf */,
				D8D3A60183EA438D86497C10 /* BaiJamjuree-LightItalic.ttf */,
				1CCEC783958F40B0A0F88E58 /* BaiJamjuree-Medium.ttf */,
				FCA7CF3CA7874493A9A2CF07 /* BaiJamjuree-MediumItalic.ttf */,
				2614E934CCD242F7A675BFDC /* BaiJamjuree-Regular.ttf */,
				1920CF7741C043BCACA2ACA0 /* BaiJamjuree-SemiBold.ttf */,
				DF8B5A9CA22447D1B7AE29FD /* BaiJamjuree-SemiBoldItalic.ttf */,
				24602DBCFA8943F49104D1D9 /* AntDesign.ttf */,
				A69E57562E9D4BC88FE8D026 /* Entypo.ttf */,
				46A437D02695498CAA47767D /* EvilIcons.ttf */,
				B449FDC07F074816A93A17A9 /* Feather.ttf */,
				96122E86F924437E8AD490E3 /* FontAwesome.ttf */,
				6FDEC7BC71AB4AA6994E327C /* FontAwesome5_Brands.ttf */,
				78E16AA35F9D4AF787249AE4 /* FontAwesome5_Regular.ttf */,
				1C05439C8E9442AFA98BB3C4 /* FontAwesome5_Solid.ttf */,
				2E0B5DF7E3F443578BC9521A /* Fontisto.ttf */,
				996A02B7B71F46909ECCA6B2 /* Foundation.ttf */,
				2248390C891941C7A48AACB6 /* Ionicons.ttf */,
				5D8497F08D164E5CA0BA64FE /* MaterialCommunityIcons.ttf */,
				08D8AE8CCF7E4A0898001EFD /* MaterialIcons.ttf */,
				25B34212261D49F2A2BA7C90 /* Octicons.ttf */,
				377AE8F42C3641F1AC47159F /* SimpleLineIcons.ttf */,
				035E841CA1A54BB4985AD073 /* Zocial.ttf */,
				27044B7DB8F14F4D903ECEC7 /* SofiaProSemiBold.ttf */,
				FF7B50A42601486D92F44750 /* AvenirNext-Bold.ttf */,
				8B238D9F844E4C6995B6F5E1 /* AvenirNext-BoldItalic.ttf */,
				A66D44847BE647108A30196B /* AvenirNext-DemiBold.ttf */,
				947634B216C940798962CA23 /* AvenirNext-DemiBoldItalic.ttf */,
				DEC02674D69F47A6AAEC4A80 /* AvenirNext-Heavy.ttf */,
				A4A5935C4A3B47B4B0531E85 /* AvenirNext-HeavyItalic.ttf */,
				FD6EAB789DD94E44AE33AB6A /* AvenirNext-Italic.ttf */,
				576F260C1154451ABCE16980 /* AvenirNext-Medium.ttf */,
				325D2D2876BE4EE38AC1EFD9 /* AvenirNext-MediumItalic.ttf */,
				F1894C0710644CF4BA8D6574 /* AvenirNext-Regular.ttf */,
				C241DCD217534BA5B1E3B4A9 /* AvenirNext-UltraLight.ttf */,
				CA95BAD81F204EF5A43F5990 /* AvenirNext-UltraLightItalic.ttf */,
			);
			name = Resources;
			sourceTree = "<group>";
		};
/* End PBXGroup section */

/* Begin PBXNativeTarget section */
		00E356ED1AD99517003FC87E /* TadamTests */ = {
			isa = PBXNativeTarget;
			buildConfigurationList = 00E357021AD99517003FC87E /* Build configuration list for PBXNativeTarget "TadamTests" */;
			buildPhases = (
				C0BB7411040C3A339BDB0C27 /* [CP] Check Pods Manifest.lock */,
				00E356EA1AD99517003FC87E /* Sources */,
				00E356EB1AD99517003FC87E /* Frameworks */,
				00E356EC1AD99517003FC87E /* Resources */,
			);
			buildRules = (
			);
			dependencies = (
				00E356F51AD99517003FC87E /* PBXTargetDependency */,
			);
			name = TadamTests;
			productName = TadamTests;
			productReference = 00E356EE1AD99517003FC87E /* TadamTests.xctest */;
			productType = "com.apple.product-type.bundle.unit-test";
		};
		13B07F861A680F5B00A75B9A /* Tadam */ = {
			isa = PBXNativeTarget;
			buildConfigurationList = 13B07F931A680F5B00A75B9A /* Build configuration list for PBXNativeTarget "Tadam" */;
			buildPhases = (
				5F1B42E8C6B2E37355FE129D /* [CP] Check Pods Manifest.lock */,
				FD10A7F022414F080027D42C /* Start Packager */,
				13B07F871A680F5B00A75B9A /* Sources */,
				13B07F8C1A680F5B00A75B9A /* Frameworks */,
				13B07F8E1A680F5B00A75B9A /* Resources */,
				00DD1BFF1BD5951E006B06BC /* Bundle React Native code and images */,
				3D42ABF3E7394D2D3256BAAC /* [CP] Copy Pods Resources */,
			);
			buildRules = (
			);
			dependencies = (
			);
			name = Tadam;
			productName = Tadam;
			productReference = 13B07F961A680F5B00A75B9A /* Tadam.app */;
			productType = "com.apple.product-type.application";
		};
		2D02E47A1E0B4A5D006451C7 /* Tadam-tvOS */ = {
			isa = PBXNativeTarget;
			buildConfigurationList = 2D02E4BA1E0B4A5E006451C7 /* Build configuration list for PBXNativeTarget "Tadam-tvOS" */;
			buildPhases = (
				40D1025BB82B124470667161 /* [CP] Check Pods Manifest.lock */,
				FD10A7F122414F3F0027D42C /* Start Packager */,
				2D02E4771E0B4A5D006451C7 /* Sources */,
				2D02E4781E0B4A5D006451C7 /* Frameworks */,
				2D02E4791E0B4A5D006451C7 /* Resources */,
				2D02E4CB1E0B4B27006451C7 /* Bundle React Native Code And Images */,
			);
			buildRules = (
			);
			dependencies = (
			);
			name = "Tadam-tvOS";
			productName = "Tadam-tvOS";
			productReference = 2D02E47B1E0B4A5D006451C7 /* Tadam-tvOS.app */;
			productType = "com.apple.product-type.application";
		};
		2D02E48F1E0B4A5D006451C7 /* Tadam-tvOSTests */ = {
			isa = PBXNativeTarget;
			buildConfigurationList = 2D02E4BB1E0B4A5E006451C7 /* Build configuration list for PBXNativeTarget "Tadam-tvOSTests" */;
			buildPhases = (
				69C608AC73573138D9073C35 /* [CP] Check Pods Manifest.lock */,
				2D02E48C1E0B4A5D006451C7 /* Sources */,
				2D02E48D1E0B4A5D006451C7 /* Frameworks */,
				2D02E48E1E0B4A5D006451C7 /* Resources */,
			);
			buildRules = (
			);
			dependencies = (
				2D02E4921E0B4A5D006451C7 /* PBXTargetDependency */,
			);
			name = "Tadam-tvOSTests";
			productName = "Tadam-tvOSTests";
			productReference = 2D02E4901E0B4A5D006451C7 /* Tadam-tvOSTests.xctest */;
			productType = "com.apple.product-type.bundle.unit-test";
		};
/* End PBXNativeTarget section */

/* Begin PBXProject section */
		83CBB9F71A601CBA00E9B192 /* Project object */ = {
			isa = PBXProject;
			attributes = {
				LastUpgradeCheck = 940;
				ORGANIZATIONNAME = Facebook;
				TargetAttributes = {
					00E356ED1AD99517003FC87E = {
						CreatedOnToolsVersion = 6.2;
						TestTargetID = 13B07F861A680F5B00A75B9A;
					};
					13B07F861A680F5B00A75B9A = {
						DevelopmentTeam = 8XP2MRBU93;
						ProvisioningStyle = Automatic;
					};
					2D02E47A1E0B4A5D006451C7 = {
						CreatedOnToolsVersion = 8.2.1;
						ProvisioningStyle = Automatic;
					};
					2D02E48F1E0B4A5D006451C7 = {
						CreatedOnToolsVersion = 8.2.1;
						ProvisioningStyle = Automatic;
						TestTargetID = 2D02E47A1E0B4A5D006451C7;
					};
				};
			};
			buildConfigurationList = 83CBB9FA1A601CBA00E9B192 /* Build configuration list for PBXProject "Tadam" */;
			compatibilityVersion = "Xcode 3.2";
			developmentRegion = English;
			hasScannedForEncodings = 0;
			knownRegions = (
				English,
				en,
				Base,
			);
			mainGroup = 83CBB9F61A601CBA00E9B192;
			productRefGroup = 83CBBA001A601CBA00E9B192 /* Products */;
			projectDirPath = "";
			projectRoot = "";
			targets = (
				13B07F861A680F5B00A75B9A /* Tadam */,
				00E356ED1AD99517003FC87E /* TadamTests */,
				2D02E47A1E0B4A5D006451C7 /* Tadam-tvOS */,
				2D02E48F1E0B4A5D006451C7 /* Tadam-tvOSTests */,
			);
		};
/* End PBXProject section */

/* Begin PBXResourcesBuildPhase section */
		00E356EC1AD99517003FC87E /* Resources */ = {
			isa = PBXResourcesBuildPhase;
			buildActionMask = 2147483647;
			files = (
				2CFDE60623734B1300503D2C /* Config.xcconfig in Resources */,
			);
			runOnlyForDeploymentPostprocessing = 0;
		};
		13B07F8E1A680F5B00A75B9A /* Resources */ = {
			isa = PBXResourcesBuildPhase;
			buildActionMask = 2147483647;
			files = (
				2C731A59237C6AD200F3065E /* BaiJamjuree-Bold.ttf in Resources */,
				2C731A5A237C6AD200F3065E /* BaiJamjuree-BoldItalic.ttf in Resources */,
				2C731A5B237C6AD200F3065E /* BaiJamjuree-ExtraLight.ttf in Resources */,
				2C731A5C237C6AD200F3065E /* BaiJamjuree-ExtraLightItalic.ttf in Resources */,
				2C731A5D237C6AD200F3065E /* BaiJamjuree-Italic.ttf in Resources */,
				2C731A5E237C6AD200F3065E /* BaiJamjuree-Light.ttf in Resources */,
				2C731A5F237C6AD200F3065E /* BaiJamjuree-LightItalic.ttf in Resources */,
				2C731A60237C6AD200F3065E /* BaiJamjuree-Medium.ttf in Resources */,
				2C731A61237C6AD200F3065E /* BaiJamjuree-MediumItalic.ttf in Resources */,
				2C731A62237C6AD200F3065E /* BaiJamjuree-Regular.ttf in Resources */,
				2C731A63237C6AD200F3065E /* BaiJamjuree-SemiBold.ttf in Resources */,
				2C731A64237C6AD200F3065E /* BaiJamjuree-SemiBoldItalic.ttf in Resources */,
				2CFDE60523734B1300503D2C /* Config.xcconfig in Resources */,
				13B07FBF1A68108700A75B9A /* Images.xcassets in Resources */,
				13B07FBD1A68108700A75B9A /* LaunchScreen.xib in Resources */,
				2CFDE6022373446300503D2C /* GoogleService-Info.plist in Resources */,
				BF64BA7A4F954839B9C8120F /* SofiaProSemiBold.ttf in Resources */,
				F6D9B94AB06B4AB4BD66BDEA /* AvenirNext-Bold.ttf in Resources */,
				670FE80DB8FD4C228C4E6029 /* AvenirNext-BoldItalic.ttf in Resources */,
				6595852BF87B4EFB9BE670A9 /* AvenirNext-DemiBold.ttf in Resources */,
				275511A49B504081AA906E39 /* AvenirNext-DemiBoldItalic.ttf in Resources */,
				1ABF65E2ADFC4BDE9AE8346C /* AvenirNext-Heavy.ttf in Resources */,
				3A563DE4D44C4F8D8B66C7E8 /* AvenirNext-HeavyItalic.ttf in Resources */,
				7758A4D52CD1484DAE476DAB /* AvenirNext-Italic.ttf in Resources */,
				DB2FF72C29E84796819EF929 /* AvenirNext-Medium.ttf in Resources */,
				A81E1CD91C964C68AA5206B3 /* AvenirNext-MediumItalic.ttf in Resources */,
				37984EAC52A343149498BAB0 /* AvenirNext-Regular.ttf in Resources */,
				A69B7257EECE4AF28D823942 /* AvenirNext-UltraLight.ttf in Resources */,
				F8DF886D9AA044E09E9DB642 /* AvenirNext-UltraLightItalic.ttf in Resources */,
			);
			runOnlyForDeploymentPostprocessing = 0;
		};
		2D02E4791E0B4A5D006451C7 /* Resources */ = {
			isa = PBXResourcesBuildPhase;
			buildActionMask = 2147483647;
			files = (
				2D02E4BD1E0B4A84006451C7 /* Images.xcassets in Resources */,
			);
			runOnlyForDeploymentPostprocessing = 0;
		};
		2D02E48E1E0B4A5D006451C7 /* Resources */ = {
			isa = PBXResourcesBuildPhase;
			buildActionMask = 2147483647;
			files = (
			);
			runOnlyForDeploymentPostprocessing = 0;
		};
/* End PBXResourcesBuildPhase section */

/* Begin PBXShellScriptBuildPhase section */
		00DD1BFF1BD5951E006B06BC /* Bundle React Native code and images */ = {
			isa = PBXShellScriptBuildPhase;
			buildActionMask = 2147483647;
			files = (
			);
			inputPaths = (
			);
			name = "Bundle React Native code and images";
			outputPaths = (
			);
			runOnlyForDeploymentPostprocessing = 0;
			shellPath = /bin/sh;
			shellScript = "export NODE_BINARY=node\n../node_modules/react-native/scripts/react-native-xcode.sh";
		};
		2D02E4CB1E0B4B27006451C7 /* Bundle React Native Code And Images */ = {
			isa = PBXShellScriptBuildPhase;
			buildActionMask = 2147483647;
			files = (
			);
			inputPaths = (
			);
			name = "Bundle React Native Code And Images";
			outputPaths = (
			);
			runOnlyForDeploymentPostprocessing = 0;
			shellPath = /bin/sh;
			shellScript = "export NODE_BINARY=node\n../node_modules/react-native/scripts/react-native-xcode.sh";
		};
		3D42ABF3E7394D2D3256BAAC /* [CP] Copy Pods Resources */ = {
			isa = PBXShellScriptBuildPhase;
			buildActionMask = 2147483647;
			files = (
			);
			inputPaths = (
				"${PODS_ROOT}/Target Support Files/Pods-Tadam/Pods-Tadam-resources.sh",
				"${PODS_ROOT}/FBSDKCoreKit/FacebookSDKStrings.bundle",
				"${PODS_ROOT}/GoogleSignIn/Resources/GoogleSignIn.bundle",
				"${PODS_ROOT}/../../node_modules/react-native-vector-icons/Fonts/AntDesign.ttf",
				"${PODS_ROOT}/../../node_modules/react-native-vector-icons/Fonts/Entypo.ttf",
				"${PODS_ROOT}/../../node_modules/react-native-vector-icons/Fonts/EvilIcons.ttf",
				"${PODS_ROOT}/../../node_modules/react-native-vector-icons/Fonts/Feather.ttf",
				"${PODS_ROOT}/../../node_modules/react-native-vector-icons/Fonts/FontAwesome.ttf",
				"${PODS_ROOT}/../../node_modules/react-native-vector-icons/Fonts/FontAwesome5_Brands.ttf",
				"${PODS_ROOT}/../../node_modules/react-native-vector-icons/Fonts/FontAwesome5_Regular.ttf",
				"${PODS_ROOT}/../../node_modules/react-native-vector-icons/Fonts/FontAwesome5_Solid.ttf",
				"${PODS_ROOT}/../../node_modules/react-native-vector-icons/Fonts/Fontisto.ttf",
				"${PODS_ROOT}/../../node_modules/react-native-vector-icons/Fonts/Foundation.ttf",
				"${PODS_ROOT}/../../node_modules/react-native-vector-icons/Fonts/Ionicons.ttf",
				"${PODS_ROOT}/../../node_modules/react-native-vector-icons/Fonts/MaterialCommunityIcons.ttf",
				"${PODS_ROOT}/../../node_modules/react-native-vector-icons/Fonts/MaterialIcons.ttf",
				"${PODS_ROOT}/../../node_modules/react-native-vector-icons/Fonts/Octicons.ttf",
				"${PODS_ROOT}/../../node_modules/react-native-vector-icons/Fonts/SimpleLineIcons.ttf",
				"${PODS_ROOT}/../../node_modules/react-native-vector-icons/Fonts/Zocial.ttf",
			);
			name = "[CP] Copy Pods Resources";
			outputPaths = (
				"${TARGET_BUILD_DIR}/${UNLOCALIZED_RESOURCES_FOLDER_PATH}/FacebookSDKStrings.bundle",
				"${TARGET_BUILD_DIR}/${UNLOCALIZED_RESOURCES_FOLDER_PATH}/GoogleSignIn.bundle",
				"${TARGET_BUILD_DIR}/${UNLOCALIZED_RESOURCES_FOLDER_PATH}/AntDesign.ttf",
				"${TARGET_BUILD_DIR}/${UNLOCALIZED_RESOURCES_FOLDER_PATH}/Entypo.ttf",
				"${TARGET_BUILD_DIR}/${UNLOCALIZED_RESOURCES_FOLDER_PATH}/EvilIcons.ttf",
				"${TARGET_BUILD_DIR}/${UNLOCALIZED_RESOURCES_FOLDER_PATH}/Feather.ttf",
				"${TARGET_BUILD_DIR}/${UNLOCALIZED_RESOURCES_FOLDER_PATH}/FontAwesome.ttf",
				"${TARGET_BUILD_DIR}/${UNLOCALIZED_RESOURCES_FOLDER_PATH}/FontAwesome5_Brands.ttf",
				"${TARGET_BUILD_DIR}/${UNLOCALIZED_RESOURCES_FOLDER_PATH}/FontAwesome5_Regular.ttf",
				"${TARGET_BUILD_DIR}/${UNLOCALIZED_RESOURCES_FOLDER_PATH}/FontAwesome5_Solid.ttf",
				"${TARGET_BUILD_DIR}/${UNLOCALIZED_RESOURCES_FOLDER_PATH}/Fontisto.ttf",
				"${TARGET_BUILD_DIR}/${UNLOCALIZED_RESOURCES_FOLDER_PATH}/Foundation.ttf",
				"${TARGET_BUILD_DIR}/${UNLOCALIZED_RESOURCES_FOLDER_PATH}/Ionicons.ttf",
				"${TARGET_BUILD_DIR}/${UNLOCALIZED_RESOURCES_FOLDER_PATH}/MaterialCommunityIcons.ttf",
				"${TARGET_BUILD_DIR}/${UNLOCALIZED_RESOURCES_FOLDER_PATH}/MaterialIcons.ttf",
				"${TARGET_BUILD_DIR}/${UNLOCALIZED_RESOURCES_FOLDER_PATH}/Octicons.ttf",
				"${TARGET_BUILD_DIR}/${UNLOCALIZED_RESOURCES_FOLDER_PATH}/SimpleLineIcons.ttf",
				"${TARGET_BUILD_DIR}/${UNLOCALIZED_RESOURCES_FOLDER_PATH}/Zocial.ttf",
			);
			runOnlyForDeploymentPostprocessing = 0;
			shellPath = /bin/sh;
			shellScript = "\"${PODS_ROOT}/Target Support Files/Pods-Tadam/Pods-Tadam-resources.sh\"\n";
			showEnvVarsInLog = 0;
		};
		40D1025BB82B124470667161 /* [CP] Check Pods Manifest.lock */ = {
			isa = PBXShellScriptBuildPhase;
			buildActionMask = 2147483647;
			files = (
			);
			inputFileListPaths = (
			);
			inputPaths = (
				"${PODS_PODFILE_DIR_PATH}/Podfile.lock",
				"${PODS_ROOT}/Manifest.lock",
			);
			name = "[CP] Check Pods Manifest.lock";
			outputFileListPaths = (
			);
			outputPaths = (
				"$(DERIVED_FILE_DIR)/Pods-Tadam-tvOS-checkManifestLockResult.txt",
			);
			runOnlyForDeploymentPostprocessing = 0;
			shellPath = /bin/sh;
			shellScript = "diff \"${PODS_PODFILE_DIR_PATH}/Podfile.lock\" \"${PODS_ROOT}/Manifest.lock\" > /dev/null\nif [ $? != 0 ] ; then\n    # print error to STDERR\n    echo \"error: The sandbox is not in sync with the Podfile.lock. Run 'pod install' or update your CocoaPods installation.\" >&2\n    exit 1\nfi\n# This output is used by Xcode 'outputs' to avoid re-running this script phase.\necho \"SUCCESS\" > \"${SCRIPT_OUTPUT_FILE_0}\"\n";
			showEnvVarsInLog = 0;
		};
		5F1B42E8C6B2E37355FE129D /* [CP] Check Pods Manifest.lock */ = {
			isa = PBXShellScriptBuildPhase;
			buildActionMask = 2147483647;
			files = (
			);
			inputFileListPaths = (
			);
			inputPaths = (
				"${PODS_PODFILE_DIR_PATH}/Podfile.lock",
				"${PODS_ROOT}/Manifest.lock",
			);
			name = "[CP] Check Pods Manifest.lock";
			outputFileListPaths = (
			);
			outputPaths = (
				"$(DERIVED_FILE_DIR)/Pods-Tadam-checkManifestLockResult.txt",
			);
			runOnlyForDeploymentPostprocessing = 0;
			shellPath = /bin/sh;
			shellScript = "diff \"${PODS_PODFILE_DIR_PATH}/Podfile.lock\" \"${PODS_ROOT}/Manifest.lock\" > /dev/null\nif [ $? != 0 ] ; then\n    # print error to STDERR\n    echo \"error: The sandbox is not in sync with the Podfile.lock. Run 'pod install' or update your CocoaPods installation.\" >&2\n    exit 1\nfi\n# This output is used by Xcode 'outputs' to avoid re-running this script phase.\necho \"SUCCESS\" > \"${SCRIPT_OUTPUT_FILE_0}\"\n";
			showEnvVarsInLog = 0;
		};
		69C608AC73573138D9073C35 /* [CP] Check Pods Manifest.lock */ = {
			isa = PBXShellScriptBuildPhase;
			buildActionMask = 2147483647;
			files = (
			);
			inputFileListPaths = (
			);
			inputPaths = (
				"${PODS_PODFILE_DIR_PATH}/Podfile.lock",
				"${PODS_ROOT}/Manifest.lock",
			);
			name = "[CP] Check Pods Manifest.lock";
			outputFileListPaths = (
			);
			outputPaths = (
				"$(DERIVED_FILE_DIR)/Pods-Tadam-tvOSTests-checkManifestLockResult.txt",
			);
			runOnlyForDeploymentPostprocessing = 0;
			shellPath = /bin/sh;
			shellScript = "diff \"${PODS_PODFILE_DIR_PATH}/Podfile.lock\" \"${PODS_ROOT}/Manifest.lock\" > /dev/null\nif [ $? != 0 ] ; then\n    # print error to STDERR\n    echo \"error: The sandbox is not in sync with the Podfile.lock. Run 'pod install' or update your CocoaPods installation.\" >&2\n    exit 1\nfi\n# This output is used by Xcode 'outputs' to avoid re-running this script phase.\necho \"SUCCESS\" > \"${SCRIPT_OUTPUT_FILE_0}\"\n";
			showEnvVarsInLog = 0;
		};
		C0BB7411040C3A339BDB0C27 /* [CP] Check Pods Manifest.lock */ = {
			isa = PBXShellScriptBuildPhase;
			buildActionMask = 2147483647;
			files = (
			);
			inputFileListPaths = (
			);
			inputPaths = (
				"${PODS_PODFILE_DIR_PATH}/Podfile.lock",
				"${PODS_ROOT}/Manifest.lock",
			);
			name = "[CP] Check Pods Manifest.lock";
			outputFileListPaths = (
			);
			outputPaths = (
				"$(DERIVED_FILE_DIR)/Pods-TadamTests-checkManifestLockResult.txt",
			);
			runOnlyForDeploymentPostprocessing = 0;
			shellPath = /bin/sh;
			shellScript = "diff \"${PODS_PODFILE_DIR_PATH}/Podfile.lock\" \"${PODS_ROOT}/Manifest.lock\" > /dev/null\nif [ $? != 0 ] ; then\n    # print error to STDERR\n    echo \"error: The sandbox is not in sync with the Podfile.lock. Run 'pod install' or update your CocoaPods installation.\" >&2\n    exit 1\nfi\n# This output is used by Xcode 'outputs' to avoid re-running this script phase.\necho \"SUCCESS\" > \"${SCRIPT_OUTPUT_FILE_0}\"\n";
			showEnvVarsInLog = 0;
		};
		FD10A7F022414F080027D42C /* Start Packager */ = {
			isa = PBXShellScriptBuildPhase;
			buildActionMask = 2147483647;
			files = (
			);
			inputFileListPaths = (
			);
			inputPaths = (
			);
			name = "Start Packager";
			outputFileListPaths = (
			);
			outputPaths = (
			);
			runOnlyForDeploymentPostprocessing = 0;
			shellPath = /bin/sh;
			shellScript = "export RCT_METRO_PORT=\"${RCT_METRO_PORT:=8081}\"\necho \"export RCT_METRO_PORT=${RCT_METRO_PORT}\" > \"${SRCROOT}/../node_modules/react-native/scripts/.packager.env\"\nif [ -z \"${RCT_NO_LAUNCH_PACKAGER+xxx}\" ] ; then\n  if nc -w 5 -z localhost ${RCT_METRO_PORT} ; then\n    if ! curl -s \"http://localhost:${RCT_METRO_PORT}/status\" | grep -q \"packager-status:running\" ; then\n      echo \"Port ${RCT_METRO_PORT} already in use, packager is either not running or not running correctly\"\n      exit 2\n    fi\n  else\n    open \"$SRCROOT/../node_modules/react-native/scripts/launchPackager.command\" || echo \"Can't start packager automatically\"\n  fi\nfi\n";
			showEnvVarsInLog = 0;
		};
		FD10A7F122414F3F0027D42C /* Start Packager */ = {
			isa = PBXShellScriptBuildPhase;
			buildActionMask = 2147483647;
			files = (
			);
			inputFileListPaths = (
			);
			inputPaths = (
			);
			name = "Start Packager";
			outputFileListPaths = (
			);
			outputPaths = (
			);
			runOnlyForDeploymentPostprocessing = 0;
			shellPath = /bin/sh;
			shellScript = "export RCT_METRO_PORT=\"${RCT_METRO_PORT:=8081}\"\necho \"export RCT_METRO_PORT=${RCT_METRO_PORT}\" > \"${SRCROOT}/../node_modules/react-native/scripts/.packager.env\"\nif [ -z \"${RCT_NO_LAUNCH_PACKAGER+xxx}\" ] ; then\n  if nc -w 5 -z localhost ${RCT_METRO_PORT} ; then\n    if ! curl -s \"http://localhost:${RCT_METRO_PORT}/status\" | grep -q \"packager-status:running\" ; then\n      echo \"Port ${RCT_METRO_PORT} already in use, packager is either not running or not running correctly\"\n      exit 2\n    fi\n  else\n    open \"$SRCROOT/../node_modules/react-native/scripts/launchPackager.command\" || echo \"Can't start packager automatically\"\n  fi\nfi\n";
			showEnvVarsInLog = 0;
		};
/* End PBXShellScriptBuildPhase section */

/* Begin PBXSourcesBuildPhase section */
		00E356EA1AD99517003FC87E /* Sources */ = {
			isa = PBXSourcesBuildPhase;
			buildActionMask = 2147483647;
			files = (
				00E356F31AD99517003FC87E /* TadamTests.m in Sources */,
			);
			runOnlyForDeploymentPostprocessing = 0;
		};
		13B07F871A680F5B00A75B9A /* Sources */ = {
			isa = PBXSourcesBuildPhase;
			buildActionMask = 2147483647;
			files = (
				13B07FBC1A68108700A75B9A /* AppDelegate.m in Sources */,
				13B07FC11A68108700A75B9A /* main.m in Sources */,
			);
			runOnlyForDeploymentPostprocessing = 0;
		};
		2D02E4771E0B4A5D006451C7 /* Sources */ = {
			isa = PBXSourcesBuildPhase;
			buildActionMask = 2147483647;
			files = (
				2D02E4BF1E0B4AB3006451C7 /* main.m in Sources */,
				2D02E4BC1E0B4A80006451C7 /* AppDelegate.m in Sources */,
			);
			runOnlyForDeploymentPostprocessing = 0;
		};
		2D02E48C1E0B4A5D006451C7 /* Sources */ = {
			isa = PBXSourcesBuildPhase;
			buildActionMask = 2147483647;
			files = (
				2DCD954D1E0B4F2C00145EB5 /* TadamTests.m in Sources */,
			);
			runOnlyForDeploymentPostprocessing = 0;
		};
/* End PBXSourcesBuildPhase section */

/* Begin PBXTargetDependency section */
		00E356F51AD99517003FC87E /* PBXTargetDependency */ = {
			isa = PBXTargetDependency;
			target = 13B07F861A680F5B00A75B9A /* Tadam */;
			targetProxy = 00E356F41AD99517003FC87E /* PBXContainerItemProxy */;
		};
		2D02E4921E0B4A5D006451C7 /* PBXTargetDependency */ = {
			isa = PBXTargetDependency;
			target = 2D02E47A1E0B4A5D006451C7 /* Tadam-tvOS */;
			targetProxy = 2D02E4911E0B4A5D006451C7 /* PBXContainerItemProxy */;
		};
/* End PBXTargetDependency section */

/* Begin PBXVariantGroup section */
		13B07FB11A68108700A75B9A /* LaunchScreen.xib */ = {
			isa = PBXVariantGroup;
			children = (
				13B07FB21A68108700A75B9A /* Base */,
			);
			name = LaunchScreen.xib;
			path = Tadam;
			sourceTree = "<group>";
		};
/* End PBXVariantGroup section */

/* Begin XCBuildConfiguration section */
		00E356F61AD99517003FC87E /* Debug */ = {
			isa = XCBuildConfiguration;
			baseConfigurationReference = 5B263CCA366FE06CAF5FC3DD /* Pods-TadamTests.debug.xcconfig */;
			buildSettings = {
				BUNDLE_LOADER = "$(TEST_HOST)";
				GCC_PREPROCESSOR_DEFINITIONS = (
					"DEBUG=1",
					"$(inherited)",
				);
				INFOPLIST_FILE = TadamTests/Info.plist;
				IPHONEOS_DEPLOYMENT_TARGET = 9.0;
				LD_RUNPATH_SEARCH_PATHS = "$(inherited) @executable_path/Frameworks @loader_path/Frameworks";
				OTHER_LDFLAGS = (
					"-ObjC",
					"-lc++",
					"$(inherited)",
				);
				PRODUCT_BUNDLE_IDENTIFIER = "org.reactjs.native.example.$(PRODUCT_NAME:rfc1034identifier)";
				PRODUCT_NAME = "$(TARGET_NAME)";
				TEST_HOST = "$(BUILT_PRODUCTS_DIR)/Tadam.app/Tadam";
			};
			name = Debug;
		};
		00E356F71AD99517003FC87E /* Release */ = {
			isa = XCBuildConfiguration;
			baseConfigurationReference = 0CD21C3402E55E1017ABC1C6 /* Pods-TadamTests.release.xcconfig */;
			buildSettings = {
				BUNDLE_LOADER = "$(TEST_HOST)";
				COPY_PHASE_STRIP = NO;
				INFOPLIST_FILE = TadamTests/Info.plist;
				IPHONEOS_DEPLOYMENT_TARGET = 9.0;
				LD_RUNPATH_SEARCH_PATHS = "$(inherited) @executable_path/Frameworks @loader_path/Frameworks";
				OTHER_LDFLAGS = (
					"-ObjC",
					"-lc++",
					"$(inherited)",
				);
				PRODUCT_BUNDLE_IDENTIFIER = "org.reactjs.native.example.$(PRODUCT_NAME:rfc1034identifier)";
				PRODUCT_NAME = "$(TARGET_NAME)";
				TEST_HOST = "$(BUILT_PRODUCTS_DIR)/Tadam.app/Tadam";
			};
			name = Release;
		};
		13B07F941A680F5B00A75B9A /* Debug */ = {
			isa = XCBuildConfiguration;
			baseConfigurationReference = FCF02B825BC1477AC0CB1AF7 /* Pods-Tadam.debug.xcconfig */;
			buildSettings = {
				ASSETCATALOG_COMPILER_APPICON_NAME = AppIcon;
				CODE_SIGN_IDENTITY = "Apple Development";
				CODE_SIGN_STYLE = Automatic;
				CURRENT_PROJECT_VERSION = 1;
				DEAD_CODE_STRIPPING = NO;
				DEVELOPMENT_TEAM = 8XP2MRBU93;
				INFOPLIST_FILE = Tadam/Info.plist;
				LD_RUNPATH_SEARCH_PATHS = "$(inherited) @executable_path/Frameworks";
				OTHER_LDFLAGS = (
					"$(inherited)",
					"-ObjC",
					"-lc++",
				);
				PRODUCT_BUNDLE_IDENTIFIER = com.tadam;
				PRODUCT_NAME = Tadam;
				PROVISIONING_PROFILE_SPECIFIER = "";
				VERSIONING_SYSTEM = "apple-generic";
			};
			name = Debug;
		};
		13B07F951A680F5B00A75B9A /* Release */ = {
			isa = XCBuildConfiguration;
			baseConfigurationReference = 6E893819477E73A9FFC5BC37 /* Pods-Tadam.release.xcconfig */;
			buildSettings = {
				ASSETCATALOG_COMPILER_APPICON_NAME = AppIcon;
				CURRENT_PROJECT_VERSION = 1;
				DEVELOPMENT_TEAM = 8XP2MRBU93;
				INFOPLIST_FILE = Tadam/Info.plist;
				LD_RUNPATH_SEARCH_PATHS = "$(inherited) @executable_path/Frameworks";
				OTHER_LDFLAGS = (
					"$(inherited)",
					"-ObjC",
					"-lc++",
				);
				PRODUCT_BUNDLE_IDENTIFIER = com.tadam;
				PRODUCT_NAME = Tadam;
				VERSIONING_SYSTEM = "apple-generic";
			};
			name = Release;
		};
		2D02E4971E0B4A5E006451C7 /* Debug */ = {
			isa = XCBuildConfiguration;
			baseConfigurationReference = B406BDE3D8E4C1FF27846692 /* Pods-Tadam-tvOS.debug.xcconfig */;
			buildSettings = {
				ASSETCATALOG_COMPILER_APPICON_NAME = "App Icon & Top Shelf Image";
				ASSETCATALOG_COMPILER_LAUNCHIMAGE_NAME = LaunchImage;
				CLANG_ANALYZER_NONNULL = YES;
				CLANG_WARN_DOCUMENTATION_COMMENTS = YES;
				CLANG_WARN_INFINITE_RECURSION = YES;
				CLANG_WARN_SUSPICIOUS_MOVE = YES;
				DEBUG_INFORMATION_FORMAT = dwarf;
				ENABLE_TESTABILITY = YES;
				GCC_NO_COMMON_BLOCKS = YES;
				INFOPLIST_FILE = "Tadam-tvOS/Info.plist";
				LD_RUNPATH_SEARCH_PATHS = "$(inherited) @executable_path/Frameworks";
				OTHER_LDFLAGS = (
					"$(inherited)",
					"-ObjC",
					"-lc++",
				);
				PRODUCT_BUNDLE_IDENTIFIER = "com.facebook.REACT.Tadam-tvOS";
				PRODUCT_NAME = "$(TARGET_NAME)";
				SDKROOT = appletvos;
				TARGETED_DEVICE_FAMILY = 3;
				TVOS_DEPLOYMENT_TARGET = 9.2;
			};
			name = Debug;
		};
		2D02E4981E0B4A5E006451C7 /* Release */ = {
			isa = XCBuildConfiguration;
			baseConfigurationReference = AB3856FDA0FDCB1032C5C6CA /* Pods-Tadam-tvOS.release.xcconfig */;
			buildSettings = {
				ASSETCATALOG_COMPILER_APPICON_NAME = "App Icon & Top Shelf Image";
				ASSETCATALOG_COMPILER_LAUNCHIMAGE_NAME = LaunchImage;
				CLANG_ANALYZER_NONNULL = YES;
				CLANG_WARN_DOCUMENTATION_COMMENTS = YES;
				CLANG_WARN_INFINITE_RECURSION = YES;
				CLANG_WARN_SUSPICIOUS_MOVE = YES;
				COPY_PHASE_STRIP = NO;
				DEBUG_INFORMATION_FORMAT = "dwarf-with-dsym";
				GCC_NO_COMMON_BLOCKS = YES;
				INFOPLIST_FILE = "Tadam-tvOS/Info.plist";
				LD_RUNPATH_SEARCH_PATHS = "$(inherited) @executable_path/Frameworks";
				OTHER_LDFLAGS = (
					"$(inherited)",
					"-ObjC",
					"-lc++",
				);
				PRODUCT_BUNDLE_IDENTIFIER = "com.facebook.REACT.Tadam-tvOS";
				PRODUCT_NAME = "$(TARGET_NAME)";
				SDKROOT = appletvos;
				TARGETED_DEVICE_FAMILY = 3;
				TVOS_DEPLOYMENT_TARGET = 9.2;
			};
			name = Release;
		};
		2D02E4991E0B4A5E006451C7 /* Debug */ = {
			isa = XCBuildConfiguration;
			baseConfigurationReference = 422F44F2E984FA7A63998BA8 /* Pods-Tadam-tvOSTests.debug.xcconfig */;
			buildSettings = {
				BUNDLE_LOADER = "$(TEST_HOST)";
				CLANG_ANALYZER_NONNULL = YES;
				CLANG_WARN_DOCUMENTATION_COMMENTS = YES;
				CLANG_WARN_INFINITE_RECURSION = YES;
				CLANG_WARN_SUSPICIOUS_MOVE = YES;
				DEBUG_INFORMATION_FORMAT = dwarf;
				ENABLE_TESTABILITY = YES;
				GCC_NO_COMMON_BLOCKS = YES;
				INFOPLIST_FILE = "Tadam-tvOSTests/Info.plist";
				LD_RUNPATH_SEARCH_PATHS = "$(inherited) @executable_path/Frameworks @loader_path/Frameworks";
				OTHER_LDFLAGS = (
					"$(inherited)",
					"-ObjC",
					"-lc++",
				);
				PRODUCT_BUNDLE_IDENTIFIER = "com.facebook.REACT.Tadam-tvOSTests";
				PRODUCT_NAME = "$(TARGET_NAME)";
				SDKROOT = appletvos;
				TEST_HOST = "$(BUILT_PRODUCTS_DIR)/Tadam-tvOS.app/Tadam-tvOS";
				TVOS_DEPLOYMENT_TARGET = 10.1;
			};
			name = Debug;
		};
		2D02E49A1E0B4A5E006451C7 /* Release */ = {
			isa = XCBuildConfiguration;
			baseConfigurationReference = 9D4AA0313E34FC3AA52FF28A /* Pods-Tadam-tvOSTests.release.xcconfig */;
			buildSettings = {
				BUNDLE_LOADER = "$(TEST_HOST)";
				CLANG_ANALYZER_NONNULL = YES;
				CLANG_WARN_DOCUMENTATION_COMMENTS = YES;
				CLANG_WARN_INFINITE_RECURSION = YES;
				CLANG_WARN_SUSPICIOUS_MOVE = YES;
				COPY_PHASE_STRIP = NO;
				DEBUG_INFORMATION_FORMAT = "dwarf-with-dsym";
				GCC_NO_COMMON_BLOCKS = YES;
				INFOPLIST_FILE = "Tadam-tvOSTests/Info.plist";
				LD_RUNPATH_SEARCH_PATHS = "$(inherited) @executable_path/Frameworks @loader_path/Frameworks";
				OTHER_LDFLAGS = (
					"$(inherited)",
					"-ObjC",
					"-lc++",
				);
				PRODUCT_BUNDLE_IDENTIFIER = "com.facebook.REACT.Tadam-tvOSTests";
				PRODUCT_NAME = "$(TARGET_NAME)";
				SDKROOT = appletvos;
				TEST_HOST = "$(BUILT_PRODUCTS_DIR)/Tadam-tvOS.app/Tadam-tvOS";
				TVOS_DEPLOYMENT_TARGET = 10.1;
			};
			name = Release;
		};
		83CBBA201A601CBA00E9B192 /* Debug */ = {
			isa = XCBuildConfiguration;
			baseConfigurationReference = 2CFDE60423734B1300503D2C /* Config.xcconfig */;
			buildSettings = {
				ALWAYS_SEARCH_USER_PATHS = NO;
				CLANG_CXX_LANGUAGE_STANDARD = "gnu++0x";
				CLANG_CXX_LIBRARY = "libc++";
				CLANG_ENABLE_MODULES = YES;
				CLANG_ENABLE_OBJC_ARC = YES;
				CLANG_WARN_BLOCK_CAPTURE_AUTORELEASING = YES;
				CLANG_WARN_BOOL_CONVERSION = YES;
				CLANG_WARN_COMMA = YES;
				CLANG_WARN_CONSTANT_CONVERSION = YES;
				CLANG_WARN_DEPRECATED_OBJC_IMPLEMENTATIONS = YES;
				CLANG_WARN_DIRECT_OBJC_ISA_USAGE = YES_ERROR;
				CLANG_WARN_EMPTY_BODY = YES;
				CLANG_WARN_ENUM_CONVERSION = YES;
				CLANG_WARN_INFINITE_RECURSION = YES;
				CLANG_WARN_INT_CONVERSION = YES;
				CLANG_WARN_NON_LITERAL_NULL_CONVERSION = YES;
				CLANG_WARN_OBJC_IMPLICIT_RETAIN_SELF = YES;
				CLANG_WARN_OBJC_LITERAL_CONVERSION = YES;
				CLANG_WARN_OBJC_ROOT_CLASS = YES_ERROR;
				CLANG_WARN_RANGE_LOOP_ANALYSIS = YES;
				CLANG_WARN_STRICT_PROTOTYPES = YES;
				CLANG_WARN_SUSPICIOUS_MOVE = YES;
				CLANG_WARN_UNREACHABLE_CODE = YES;
				CLANG_WARN__DUPLICATE_METHOD_MATCH = YES;
				"CODE_SIGN_IDENTITY[sdk=iphoneos*]" = "iPhone Developer";
				COPY_PHASE_STRIP = NO;
				ENABLE_STRICT_OBJC_MSGSEND = YES;
				ENABLE_TESTABILITY = YES;
				GCC_C_LANGUAGE_STANDARD = gnu99;
				GCC_DYNAMIC_NO_PIC = NO;
				GCC_NO_COMMON_BLOCKS = YES;
				GCC_OPTIMIZATION_LEVEL = 0;
				GCC_PREPROCESSOR_DEFINITIONS = (
					"DEBUG=1",
					"$(inherited)",
				);
				GCC_SYMBOLS_PRIVATE_EXTERN = NO;
				GCC_WARN_64_TO_32_BIT_CONVERSION = YES;
				GCC_WARN_ABOUT_RETURN_TYPE = YES_ERROR;
				GCC_WARN_UNDECLARED_SELECTOR = YES;
				GCC_WARN_UNINITIALIZED_AUTOS = YES_AGGRESSIVE;
				GCC_WARN_UNUSED_FUNCTION = YES;
				GCC_WARN_UNUSED_VARIABLE = YES;
				INFOPLIST_PREPROCESS = NO;
				IPHONEOS_DEPLOYMENT_TARGET = 9.0;
				MTL_ENABLE_DEBUG_INFO = YES;
				ONLY_ACTIVE_ARCH = YES;
				SDKROOT = iphoneos;
			};
			name = Debug;
		};
		83CBBA211A601CBA00E9B192 /* Release */ = {
			isa = XCBuildConfiguration;
			baseConfigurationReference = 2CFDE60423734B1300503D2C /* Config.xcconfig */;
			buildSettings = {
				ALWAYS_SEARCH_USER_PATHS = NO;
				CLANG_CXX_LANGUAGE_STANDARD = "gnu++0x";
				CLANG_CXX_LIBRARY = "libc++";
				CLANG_ENABLE_MODULES = YES;
				CLANG_ENABLE_OBJC_ARC = YES;
				CLANG_WARN_BLOCK_CAPTURE_AUTORELEASING = YES;
				CLANG_WARN_BOOL_CONVERSION = YES;
				CLANG_WARN_COMMA = YES;
				CLANG_WARN_CONSTANT_CONVERSION = YES;
				CLANG_WARN_DEPRECATED_OBJC_IMPLEMENTATIONS = YES;
				CLANG_WARN_DIRECT_OBJC_ISA_USAGE = YES_ERROR;
				CLANG_WARN_EMPTY_BODY = YES;
				CLANG_WARN_ENUM_CONVERSION = YES;
				CLANG_WARN_INFINITE_RECURSION = YES;
				CLANG_WARN_INT_CONVERSION = YES;
				CLANG_WARN_NON_LITERAL_NULL_CONVERSION = YES;
				CLANG_WARN_OBJC_IMPLICIT_RETAIN_SELF = YES;
				CLANG_WARN_OBJC_LITERAL_CONVERSION = YES;
				CLANG_WARN_OBJC_ROOT_CLASS = YES_ERROR;
				CLANG_WARN_RANGE_LOOP_ANALYSIS = YES;
				CLANG_WARN_STRICT_PROTOTYPES = YES;
				CLANG_WARN_SUSPICIOUS_MOVE = YES;
				CLANG_WARN_UNREACHABLE_CODE = YES;
				CLANG_WARN__DUPLICATE_METHOD_MATCH = YES;
				"CODE_SIGN_IDENTITY[sdk=iphoneos*]" = "iPhone Developer";
				COPY_PHASE_STRIP = YES;
				ENABLE_NS_ASSERTIONS = NO;
				ENABLE_STRICT_OBJC_MSGSEND = YES;
				GCC_C_LANGUAGE_STANDARD = gnu99;
				GCC_NO_COMMON_BLOCKS = YES;
				GCC_WARN_64_TO_32_BIT_CONVERSION = YES;
				GCC_WARN_ABOUT_RETURN_TYPE = YES_ERROR;
				GCC_WARN_UNDECLARED_SELECTOR = YES;
				GCC_WARN_UNINITIALIZED_AUTOS = YES_AGGRESSIVE;
				GCC_WARN_UNUSED_FUNCTION = YES;
				GCC_WARN_UNUSED_VARIABLE = YES;
				INFOPLIST_PREFIX_HEADER = "";
				INFOPLIST_PREPROCESS = NO;
				IPHONEOS_DEPLOYMENT_TARGET = 9.0;
				MTL_ENABLE_DEBUG_INFO = NO;
				SDKROOT = iphoneos;
				VALIDATE_PRODUCT = YES;
			};
			name = Release;
		};
/* End XCBuildConfiguration section */

/* Begin XCConfigurationList section */
		00E357021AD99517003FC87E /* Build configuration list for PBXNativeTarget "TadamTests" */ = {
			isa = XCConfigurationList;
			buildConfigurations = (
				00E356F61AD99517003FC87E /* Debug */,
				00E356F71AD99517003FC87E /* Release */,
			);
			defaultConfigurationIsVisible = 0;
			defaultConfigurationName = Release;
		};
		13B07F931A680F5B00A75B9A /* Build configuration list for PBXNativeTarget "Tadam" */ = {
			isa = XCConfigurationList;
			buildConfigurations = (
				13B07F941A680F5B00A75B9A /* Debug */,
				13B07F951A680F5B00A75B9A /* Release */,
			);
			defaultConfigurationIsVisible = 0;
			defaultConfigurationName = Release;
		};
		2D02E4BA1E0B4A5E006451C7 /* Build configuration list for PBXNativeTarget "Tadam-tvOS" */ = {
			isa = XCConfigurationList;
			buildConfigurations = (
				2D02E4971E0B4A5E006451C7 /* Debug */,
				2D02E4981E0B4A5E006451C7 /* Release */,
			);
			defaultConfigurationIsVisible = 0;
			defaultConfigurationName = Release;
		};
		2D02E4BB1E0B4A5E006451C7 /* Build configuration list for PBXNativeTarget "Tadam-tvOSTests" */ = {
			isa = XCConfigurationList;
			buildConfigurations = (
				2D02E4991E0B4A5E006451C7 /* Debug */,
				2D02E49A1E0B4A5E006451C7 /* Release */,
			);
			defaultConfigurationIsVisible = 0;
			defaultConfigurationName = Release;
		};
		83CBB9FA1A601CBA00E9B192 /* Build configuration list for PBXProject "Tadam" */ = {
			isa = XCConfigurationList;
			buildConfigurations = (
				83CBBA201A601CBA00E9B192 /* Debug */,
				83CBBA211A601CBA00E9B192 /* Release */,
			);
			defaultConfigurationIsVisible = 0;
			defaultConfigurationName = Release;
		};
/* End XCConfigurationList section */
	};
	rootObject = 83CBB9F71A601CBA00E9B192 /* Project object */;
}
